
Microsoft Visual Studio Solution File, Format Version 12.00
# Visual Studio Version 17
VisualStudioVersion = 17.8.34511.84
MinimumVisualStudioVersion = 10.0.40219.1
Project("{9A19103F-16F7-4668-BE54-9A1E7A4F7556}") = "backend", "backend\backend.csproj", "{73FA33C2-F6A8-4867-BD1E-DDC99A21B3B0}"
EndProject
Project("{FAE04EC0-301F-11D3-BF4B-00C04F79EFBC}") = "Test", "Test\Test.csproj", "{BCDE2F49-171C-4741-8A8E-F4D0C94598C7}"
EndProject
Global
	GlobalSection(SolutionConfigurationPlatforms) = preSolution
		Debug|Any CPU = Debug|Any CPU
		Release|Any CPU = Release|Any CPU
	EndGlobalSection
	GlobalSection(ProjectConfigurationPlatforms) = postSolution
		{73FA33C2-F6A8-4867-BD1E-DDC99A21B3B0}.Debug|Any CPU.ActiveCfg = Debug|Any CPU
		{73FA33C2-F6A8-4867-BD1E-DDC99A21B3B0}.Debug|Any CPU.Build.0 = Debug|Any CPU
		{73FA33C2-F6A8-4867-BD1E-DDC99A21B3B0}.Release|Any CPU.ActiveCfg = Release|Any CPU
		{73FA33C2-F6A8-4867-BD1E-DDC99A21B3B0}.Release|Any CPU.Build.0 = Release|Any CPU
		{BCDE2F49-171C-4741-8A8E-F4D0C94598C7}.Debug|Any CPU.ActiveCfg = Debug|Any CPU
		{BCDE2F49-171C-4741-8A8E-F4D0C94598C7}.Debug|Any CPU.Build.0 = Debug|Any CPU
		{BCDE2F49-171C-4741-8A8E-F4D0C94598C7}.Release|Any CPU.ActiveCfg = Release|Any CPU
		{BCDE2F49-171C-4741-8A8E-F4D0C94598C7}.Release|Any CPU.Build.0 = Release|Any CPU
	EndGlobalSection
	GlobalSection(SolutionProperties) = preSolution
		HideSolutionNode = FALSE
	EndGlobalSection
	GlobalSection(ExtensibilityGlobals) = postSolution
		SolutionGuid = {50B8C390-8861-4330-9CDC-B8DA63F41064}
	EndGlobalSection
EndGlobal
